
Microsoft Visual Studio Solution File, Format Version 12.00
# Visual Studio Version 17
VisualStudioVersion = 17.6.33829.357
MinimumVisualStudioVersion = 10.0.40219.1
Project("{8BC9CEB8-8B4A-11D0-8D11-00A0C91BC942}") = "NKU_cpp_learning", "NKU_cpp_learning.vcxproj", "{5B0C6104-E3CD-4C7C-8912-82DC23235313}"
EndProject
Global
	GlobalSection(SolutionConfigurationPlatforms) = preSolution
		Debug|x64 = Debug|x64
		Debug|x86 = Debug|x86
		Release|x64 = Release|x64
		Release|x86 = Release|x86
	EndGlobalSection
	GlobalSection(ProjectConfigurationPlatforms) = postSolution
		{5B0C6104-E3CD-4C7C-8912-82DC23235313}.Debug|x64.ActiveCfg = Debug|x64
		{5B0C6104-E3CD-4C7C-8912-82DC23235313}.Debug|x64.Build.0 = Debug|x64
		{5B0C6104-E3CD-4C7C-8912-82DC23235313}.Debug|x86.ActiveCfg = Debug|Win32
		{5B0C6104-E3CD-4C7C-8912-82DC23235313}.Debug|x86.Build.0 = Debug|Win32
		{5B0C6104-E3CD-4C7C-8912-82DC23235313}.Release|x64.ActiveCfg = Release|x64
		{5B0C6104-E3CD-4C7C-8912-82DC23235313}.Release|x64.Build.0 = Release|x64
		{5B0C6104-E3CD-4C7C-8912-82DC23235313}.Release|x86.ActiveCfg = Release|Win32
		{5B0C6104-E3CD-4C7C-8912-82DC23235313}.Release|x86.Build.0 = Release|Win32
	EndGlobalSection
	GlobalSection(SolutionProperties) = preSolution
		HideSolutionNode = FALSE
	EndGlobalSection
	GlobalSection(ExtensibilityGlobals) = postSolution
		SolutionGuid = {BC30EA7B-1F73-4C0F-81E1-316BDBA55F1D}
	EndGlobalSection
EndGlobal
